
Microsoft Visual Studio Solution File, Format Version 12.00
# Visual Studio Version 16
VisualStudioVersion = 16.0.30621.155
MinimumVisualStudioVersion = 10.0.40219.1
Project("{FAE04EC0-301F-11D3-BF4B-00C04F79EFBC}") = "Forms", "LoginForm\Forms.csproj", "{269248D8-0EC4-4846-9C04-E66AA4D71657}"
EndProject
Project("{FAE04EC0-301F-11D3-BF4B-00C04F79EFBC}") = "Domain", "Domain\Domain.csproj", "{F51C6E5C-0F61-41A6-BA46-A5ACD06B281F}"
EndProject
Global
	GlobalSection(SolutionConfigurationPlatforms) = preSolution
		Debug|Any CPU = Debug|Any CPU
		Release|Any CPU = Release|Any CPU
	EndGlobalSection
	GlobalSection(ProjectConfigurationPlatforms) = postSolution
		{269248D8-0EC4-4846-9C04-E66AA4D71657}.Debug|Any CPU.ActiveCfg = Debug|Any CPU
		{269248D8-0EC4-4846-9C04-E66AA4D71657}.Debug|Any CPU.Build.0 = Debug|Any CPU
		{269248D8-0EC4-4846-9C04-E66AA4D71657}.Release|Any CPU.ActiveCfg = Release|Any CPU
		{269248D8-0EC4-4846-9C04-E66AA4D71657}.Release|Any CPU.Build.0 = Release|Any CPU
		{F51C6E5C-0F61-41A6-BA46-A5ACD06B281F}.Debug|Any CPU.ActiveCfg = Debug|Any CPU
		{F51C6E5C-0F61-41A6-BA46-A5ACD06B281F}.Debug|Any CPU.Build.0 = Debug|Any CPU
		{F51C6E5C-0F61-41A6-BA46-A5ACD06B281F}.Release|Any CPU.ActiveCfg = Release|Any CPU
		{F51C6E5C-0F61-41A6-BA46-A5ACD06B281F}.Release|Any CPU.Build.0 = Release|Any CPU
	EndGlobalSection
	GlobalSection(SolutionProperties) = preSolution
		HideSolutionNode = FALSE
	EndGlobalSection
	GlobalSection(ExtensibilityGlobals) = postSolution
		SolutionGuid = {E1656757-0134-4B72-B50F-7425DA935E4C}
	EndGlobalSection
EndGlobal
